
Microsoft Visual Studio Solution File, Format Version 12.00
# Visual Studio 15
VisualStudioVersion = 15.0.26124.0
MinimumVisualStudioVersion = 15.0.26124.0
Project("{FAE04EC0-301F-11D3-BF4B-00C04F79EFBC}") = "AuthenticationServiceAPI", "AuthenticationServiceAPI\AuthenticationServiceAPI.csproj", "{19139A06-368C-4814-9F88-30D3F1D6011C}"
EndProject
Project("{FAE04EC0-301F-11D3-BF4B-00C04F79EFBC}") = "AuthenticationServiceAPI.IntegrationTests", "AuthenticationServiceAPI.IntegrationTests\AuthenticationServiceAPI.IntegrationTests.csproj", "{0D94994B-F329-438D-B263-50EFC3E8AECA}"
EndProject
Global
	GlobalSection(SolutionConfigurationPlatforms) = preSolution
		Debug|Any CPU = Debug|Any CPU
		Debug|x64 = Debug|x64
		Debug|x86 = Debug|x86
		Release|Any CPU = Release|Any CPU
		Release|x64 = Release|x64
		Release|x86 = Release|x86
	EndGlobalSection
	GlobalSection(SolutionProperties) = preSolution
		HideSolutionNode = FALSE
	EndGlobalSection
	GlobalSection(ProjectConfigurationPlatforms) = postSolution
		{19139A06-368C-4814-9F88-30D3F1D6011C}.Debug|Any CPU.ActiveCfg = Debug|Any CPU
		{19139A06-368C-4814-9F88-30D3F1D6011C}.Debug|Any CPU.Build.0 = Debug|Any CPU
		{19139A06-368C-4814-9F88-30D3F1D6011C}.Debug|x64.ActiveCfg = Debug|Any CPU
		{19139A06-368C-4814-9F88-30D3F1D6011C}.Debug|x64.Build.0 = Debug|Any CPU
		{19139A06-368C-4814-9F88-30D3F1D6011C}.Debug|x86.ActiveCfg = Debug|Any CPU
		{19139A06-368C-4814-9F88-30D3F1D6011C}.Debug|x86.Build.0 = Debug|Any CPU
		{19139A06-368C-4814-9F88-30D3F1D6011C}.Release|Any CPU.ActiveCfg = Release|Any CPU
		{19139A06-368C-4814-9F88-30D3F1D6011C}.Release|Any CPU.Build.0 = Release|Any CPU
		{19139A06-368C-4814-9F88-30D3F1D6011C}.Release|x64.ActiveCfg = Release|Any CPU
		{19139A06-368C-4814-9F88-30D3F1D6011C}.Release|x64.Build.0 = Release|Any CPU
		{19139A06-368C-4814-9F88-30D3F1D6011C}.Release|x86.ActiveCfg = Release|Any CPU
		{19139A06-368C-4814-9F88-30D3F1D6011C}.Release|x86.Build.0 = Release|Any CPU
		{0D94994B-F329-438D-B263-50EFC3E8AECA}.Debug|Any CPU.ActiveCfg = Debug|Any CPU
		{0D94994B-F329-438D-B263-50EFC3E8AECA}.Debug|Any CPU.Build.0 = Debug|Any CPU
		{0D94994B-F329-438D-B263-50EFC3E8AECA}.Debug|x64.ActiveCfg = Debug|Any CPU
		{0D94994B-F329-438D-B263-50EFC3E8AECA}.Debug|x64.Build.0 = Debug|Any CPU
		{0D94994B-F329-438D-B263-50EFC3E8AECA}.Debug|x86.ActiveCfg = Debug|Any CPU
		{0D94994B-F329-438D-B263-50EFC3E8AECA}.Debug|x86.Build.0 = Debug|Any CPU
		{0D94994B-F329-438D-B263-50EFC3E8AECA}.Release|Any CPU.ActiveCfg = Release|Any CPU
		{0D94994B-F329-438D-B263-50EFC3E8AECA}.Release|Any CPU.Build.0 = Release|Any CPU
		{0D94994B-F329-438D-B263-50EFC3E8AECA}.Release|x64.ActiveCfg = Release|Any CPU
		{0D94994B-F329-438D-B263-50EFC3E8AECA}.Release|x64.Build.0 = Release|Any CPU
		{0D94994B-F329-438D-B263-50EFC3E8AECA}.Release|x86.ActiveCfg = Release|Any CPU
		{0D94994B-F329-438D-B263-50EFC3E8AECA}.Release|x86.Build.0 = Release|Any CPU
	EndGlobalSection
EndGlobal
